
Microsoft Visual Studio Solution File, Format Version 12.00
# Visual Studio Version 17
VisualStudioVersion = 17.7.34018.315
MinimumVisualStudioVersion = 10.0.40219.1
Project("{FAE04EC0-301F-11D3-BF4B-00C04F79EFBC}") = "BullsEyeApp", "BullsEyeApp\BullsEyeApp.csproj", "{96D2CC4C-2AD2-4A9B-B324-6AE11C6591F5}"
EndProject
Project("{FAE04EC0-301F-11D3-BF4B-00C04F79EFBC}") = "BullsEyeLogic", "BullsEyeLogic\BullsEyeLogic.csproj", "{AA19DFDC-C8E5-47D5-9762-010AEC3AF8B3}"
EndProject
Global
	GlobalSection(SolutionConfigurationPlatforms) = preSolution
		Debug|Any CPU = Debug|Any CPU
		Release|Any CPU = Release|Any CPU
	EndGlobalSection
	GlobalSection(ProjectConfigurationPlatforms) = postSolution
		{96D2CC4C-2AD2-4A9B-B324-6AE11C6591F5}.Debug|Any CPU.ActiveCfg = Debug|Any CPU
		{96D2CC4C-2AD2-4A9B-B324-6AE11C6591F5}.Debug|Any CPU.Build.0 = Debug|Any CPU
		{96D2CC4C-2AD2-4A9B-B324-6AE11C6591F5}.Release|Any CPU.ActiveCfg = Release|Any CPU
		{96D2CC4C-2AD2-4A9B-B324-6AE11C6591F5}.Release|Any CPU.Build.0 = Release|Any CPU
		{AA19DFDC-C8E5-47D5-9762-010AEC3AF8B3}.Debug|Any CPU.ActiveCfg = Debug|Any CPU
		{AA19DFDC-C8E5-47D5-9762-010AEC3AF8B3}.Debug|Any CPU.Build.0 = Debug|Any CPU
		{AA19DFDC-C8E5-47D5-9762-010AEC3AF8B3}.Release|Any CPU.ActiveCfg = Release|Any CPU
		{AA19DFDC-C8E5-47D5-9762-010AEC3AF8B3}.Release|Any CPU.Build.0 = Release|Any CPU
	EndGlobalSection
	GlobalSection(SolutionProperties) = preSolution
		HideSolutionNode = FALSE
	EndGlobalSection
	GlobalSection(ExtensibilityGlobals) = postSolution
		SolutionGuid = {4189705C-F998-4666-8961-DCD8D6BD95A7}
	EndGlobalSection
EndGlobal
